// !$*UTF8*$!
{
	archiveVersion = 1;
	classes = {
	};
	objectVersion = 77;
	objects = {

/* Begin PBXBuildFile section */
		A99148F73015EC0C001975C5 /* RawMaterialListView.swift in Sources */ = {isa = PBXBuildFile; fileRef = A99148F63015EC0C001975C5 /* RawMaterialListView.swift */; };
		A99148F83015EFD0001975C5 /* RawMaterialListViewModel.swift in Sources */ = {isa = PBXBuildFile; fileRef = A9A856803014C133000A3692 /* RawMaterialListViewModel.swift */; };
		A99148FC3015F616001975C5 /* AddMaterialView.swift in Sources */ = {isa = PBXBuildFile; fileRef = A99148FB3015F616001975C5 /* AddMaterialView.swift */; };
		A99149363017C325001975C5 /* PricingModels.swift in Sources */ = {isa = PBXBuildFile; fileRef = A99149353017C325001975C5 /* PricingModels.swift */; };
		A99149383017C335001975C5 /* PricingCalculator.swift in Sources */ = {isa = PBXBuildFile; fileRef = A99149373017C335001975C5 /* PricingCalculator.swift */; };
		A991494D301BAD4D001975C5 /* AppSettings.swift in Sources */ = {isa = PBXBuildFile; fileRef = A991494C301BAD4C001975C5 /* AppSettings.swift */; };
		A991494F301BAE72001975C5 /* BoxTemplate.swift in Sources */ = {isa = PBXBuildFile; fileRef = A991494E301BAE72001975C5 /* BoxTemplate.swift */; };
		A9914951301DE167001975C5 /* SettingsView.swift in Sources */ = {isa = PBXBuildFile; fileRef = A9914950301DE167001975C5 /* SettingsView.swift */; };
		A99A8405303EFEBE00148605 /* BoxTemplateListViewModel.swift in Sources */ = {isa = PBXBuildFile; fileRef = A99A8404303EFEBE00148605 /* BoxTemplateListViewModel.swift */; };
		A99A8407303F01AC00148605 /* BoxTemplateListView.swift in Sources */ = {isa = PBXBuildFile; fileRef = A99A8406303F01AC00148605 /* BoxTemplateListView.swift */; };
		A99A8409303F3E3800148605 /* AddBoxTemplateView.swift in Sources */ = {isa = PBXBuildFile; fileRef = A99A8408303F3E3800148605 /* AddBoxTemplateView.swift */; };
		A9A8567030149B3E000A3692 /* Assets.xcassets in Resources */ = {isa = PBXBuildFile; fileRef = A9A8566F30149B3E000A3692 /* Assets.xcassets */; };
		A9A8567D3014BD01000A3692 /* MaterialUnit.swift in Sources */ = {isa = PBXBuildFile; fileRef = A9A8567C3014BD01000A3692 /* MaterialUnit.swift */; };
		A9A8567F3014BD8A000A3692 /* RawMaterial.swift in Sources */ = {isa = PBXBuildFile; fileRef = A9A8567E3014BD8A000A3692 /* RawMaterial.swift */; };
		A9EEBDCA30404A75008BAB33 /* CreateOfferView.swift in Sources */ = {isa = PBXBuildFile; fileRef = A9EEBDC930404A75008BAB33 /* CreateOfferView.swift */; };
/* End PBXBuildFile section */

/* Begin PBXContainerItemProxy section */
		A99149413017C4D1001975C5 /* PBXContainerItemProxy */ = {
			isa = PBXContainerItemProxy;
			containerPortal = A9A8565E30149B3C000A3692 /* Project object */;
			proxyType = 1;
			remoteGlobalIDString = A9A8566530149B3C000A3692;
			remoteInfo = RigidBoxQuoter;
		};
/* End PBXContainerItemProxy section */

/* Begin PBXFileReference section */
		A99148F63015EC0C001975C5 /* RawMaterialListView.swift */ = {isa = PBXFileReference; lastKnownFileType = sourcecode.swift; path = RawMaterialListView.swift; sourceTree = "<group>"; };
		A99148FB3015F616001975C5 /* AddMaterialView.swift */ = {isa = PBXFileReference; lastKnownFileType = sourcecode.swift; path = AddMaterialView.swift; sourceTree = "<group>"; };
		A99149353017C325001975C5 /* PricingModels.swift */ = {isa = PBXFileReference; lastKnownFileType = sourcecode.swift; path = PricingModels.swift; sourceTree = "<group>"; };
		A99149373017C335001975C5 /* PricingCalculator.swift */ = {isa = PBXFileReference; lastKnownFileType = sourcecode.swift; path = PricingCalculator.swift; sourceTree = "<group>"; };
		A991493D3017C4D1001975C5 /* RigidBoxQuoterTests.xctest */ = {isa = PBXFileReference; explicitFileType = wrapper.cfbundle; includeInIndex = 0; path = RigidBoxQuoterTests.xctest; sourceTree = BUILT_PRODUCTS_DIR; };
		A991494C301BAD4C001975C5 /* AppSettings.swift */ = {isa = PBXFileReference; lastKnownFileType = sourcecode.swift; path = AppSettings.swift; sourceTree = "<group>"; };
		A991494E301BAE72001975C5 /* BoxTemplate.swift */ = {isa = PBXFileReference; lastKnownFileType = sourcecode.swift; path = BoxTemplate.swift; sourceTree = "<group>"; };
		A9914950301DE167001975C5 /* SettingsView.swift */ = {isa = PBXFileReference; lastKnownFileType = sourcecode.swift; path = SettingsView.swift; sourceTree = "<group>"; };
		A99A8404303EFEBE00148605 /* BoxTemplateListViewModel.swift */ = {isa = PBXFileReference; lastKnownFileType = sourcecode.swift; path = BoxTemplateListViewModel.swift; sourceTree = "<group>"; };
		A99A8406303F01AC00148605 /* BoxTemplateListView.swift */ = {isa = PBXFileReference; lastKnownFileType = sourcecode.swift; path = BoxTemplateListView.swift; sourceTree = "<group>"; };
		A99A8408303F3E3800148605 /* AddBoxTemplateView.swift */ = {isa = PBXFileReference; lastKnownFileType = sourcecode.swift; path = AddBoxTemplateView.swift; sourceTree = "<group>"; };
		A9A8566630149B3C000A3692 /* RigidBoxQuoter.app */ = {isa = PBXFileReference; explicitFileType = wrapper.application; includeInIndex = 0; path = RigidBoxQuoter.app; sourceTree = BUILT_PRODUCTS_DIR; };
		A9A8566F30149B3E000A3692 /* Assets.xcassets */ = {isa = PBXFileReference; lastKnownFileType = folder.assetcatalog; path = Assets.xcassets; sourceTree = "<group>"; };
		A9A8567C3014BD01000A3692 /* MaterialUnit.swift */ = {isa = PBXFileReference; lastKnownFileType = sourcecode.swift; path = MaterialUnit.swift; sourceTree = "<group>"; };
		A9A8567E3014BD8A000A3692 /* RawMaterial.swift */ = {isa = PBXFileReference; lastKnownFileType = sourcecode.swift; path = RawMaterial.swift; sourceTree = "<group>"; };
		A9A856803014C133000A3692 /* RawMaterialListViewModel.swift */ = {isa = PBXFileReference; lastKnownFileType = sourcecode.swift; path = RawMaterialListViewModel.swift; sourceTree = "<group>"; };
		A9EEBDC930404A75008BAB33 /* CreateOfferView.swift */ = {isa = PBXFileReference; lastKnownFileType = sourcecode.swift; path = CreateOfferView.swift; sourceTree = "<group>"; };
/* End PBXFileReference section */

/* Begin PBXFileSystemSynchronizedRootGroup section */
		A991493E3017C4D1001975C5 /* RigidBoxQuoterTests */ = {
			isa = PBXFileSystemSynchronizedRootGroup;
			path = RigidBoxQuoterTests;
			sourceTree = "<group>";
		};
		A9A8566830149B3C000A3692 /* RigidBoxQuoter */ = {
			isa = PBXFileSystemSynchronizedRootGroup;
			path = RigidBoxQuoter;
			sourceTree = "<group>";
		};
/* End PBXFileSystemSynchronizedRootGroup section */

/* Begin PBXFrameworksBuildPhase section */
		A991493A3017C4D1001975C5 /* Frameworks */ = {
			isa = PBXFrameworksBuildPhase;
			buildActionMask = 2147483647;
			files = (
			);
			runOnlyForDeploymentPostprocessing = 0;
		};
		A9A8566330149B3C000A3692 /* Frameworks */ = {
			isa = PBXFrameworksBuildPhase;
			buildActionMask = 2147483647;
			files = (
			);
			runOnlyForDeploymentPostprocessing = 0;
		};
/* End PBXFrameworksBuildPhase section */

/* Begin PBXGroup section */
		A9A8565D30149B3C000A3692 = {
			isa = PBXGroup;
			children = (
				A9A8566830149B3C000A3692 /* RigidBoxQuoter */,
				A9A8567A30149D03000A3692 /* Models */,
				A9A8567930149D00000A3692 /* ViewModels */,
				A9A8567830149CFD000A3692 /* Views */,
				A9A8567730149CFA000A3692 /* Services */,
				A9A8567630149CF5000A3692 /* Resources */,
				A991493E3017C4D1001975C5 /* RigidBoxQuoterTests */,
				A9A8566730149B3C000A3692 /* Products */,
			);
			sourceTree = "<group>";
		};
		A9A8566730149B3C000A3692 /* Products */ = {
			isa = PBXGroup;
			children = (
				A9A8566630149B3C000A3692 /* RigidBoxQuoter.app */,
				A991493D3017C4D1001975C5 /* RigidBoxQuoterTests.xctest */,
			);
			name = Products;
			sourceTree = "<group>";
		};
		A9A8567630149CF5000A3692 /* Resources */ = {
			isa = PBXGroup;
			children = (
				A9A8566F30149B3E000A3692 /* Assets.xcassets */,
			);
			path = Resources;
			sourceTree = "<group>";
		};
		A9A8567730149CFA000A3692 /* Services */ = {
			isa = PBXGroup;
			children = (
				A99149353017C325001975C5 /* PricingModels.swift */,
				A99149373017C335001975C5 /* PricingCalculator.swift */,
			);
			path = Services;
			sourceTree = "<group>";
		};
		A9A8567830149CFD000A3692 /* Views */ = {
			isa = PBXGroup;
			children = (
				A99148F63015EC0C001975C5 /* RawMaterialListView.swift */,
				A99A8406303F01AC00148605 /* BoxTemplateListView.swift */,
				A9EEBDC930404A75008BAB33 /* CreateOfferView.swift */,
				A99A8408303F3E3800148605 /* AddBoxTemplateView.swift */,
				A9914950301DE167001975C5 /* SettingsView.swift */,
				A99148FB3015F616001975C5 /* AddMaterialView.swift */,
			);
			path = Views;
			sourceTree = "<group>";
		};
		A9A8567930149D00000A3692 /* ViewModels */ = {
			isa = PBXGroup;
			children = (
				A9A856803014C133000A3692 /* RawMaterialListViewModel.swift */,
				A99A8404303EFEBE00148605 /* BoxTemplateListViewModel.swift */,
			);
			path = ViewModels;
			sourceTree = "<group>";
		};
		A9A8567A30149D03000A3692 /* Models */ = {
			isa = PBXGroup;
			children = (
				A9A8567C3014BD01000A3692 /* MaterialUnit.swift */,
				A9A8567E3014BD8A000A3692 /* RawMaterial.swift */,
				A991494C301BAD4C001975C5 /* AppSettings.swift */,
				A991494E301BAE72001975C5 /* BoxTemplate.swift */,
			);
			path = Models;
			sourceTree = "<group>";
		};
/* End PBXGroup section */

/* Begin PBXNativeTarget section */
		A991493C3017C4D1001975C5 /* RigidBoxQuoterTests */ = {
			isa = PBXNativeTarget;
			buildConfigurationList = A99149433017C4D1001975C5 /* Build configuration list for PBXNativeTarget "RigidBoxQuoterTests" */;
			buildPhases = (
				A99149393017C4D1001975C5 /* Sources */,
				A991493A3017C4D1001975C5 /* Frameworks */,
				A991493B3017C4D1001975C5 /* Resources */,
			);
			buildRules = (
			);
			dependencies = (
				A99149423017C4D1001975C5 /* PBXTargetDependency */,
			);
			fileSystemSynchronizedGroups = (
				A991493E3017C4D1001975C5 /* RigidBoxQuoterTests */,
			);
			name = RigidBoxQuoterTests;
			packageProductDependencies = (
			);
			productName = RigidBoxQuoterTests;
			productReference = A991493D3017C4D1001975C5 /* RigidBoxQuoterTests.xctest */;
			productType = "com.apple.product-type.bundle.unit-test";
		};
		A9A8566530149B3C000A3692 /* RigidBoxQuoter */ = {
			isa = PBXNativeTarget;
			buildConfigurationList = A9A8567330149B3E000A3692 /* Build configuration list for PBXNativeTarget "RigidBoxQuoter" */;
			buildPhases = (
				A9A8566230149B3C000A3692 /* Sources */,
				A9A8566330149B3C000A3692 /* Frameworks */,
				A9A8566430149B3C000A3692 /* Resources */,
			);
			buildRules = (
			);
			dependencies = (
			);
			fileSystemSynchronizedGroups = (
				A9A8566830149B3C000A3692 /* RigidBoxQuoter */,
			);
			name = RigidBoxQuoter;
			packageProductDependencies = (
			);
			productName = RigidBoxQuoter;
			productReference = A9A8566630149B3C000A3692 /* RigidBoxQuoter.app */;
			productType = "com.apple.product-type.application";
		};
/* End PBXNativeTarget section */

/* Begin PBXProject section */
		A9A8565E30149B3C000A3692 /* Project object */ = {
			isa = PBXProject;
			attributes = {
				BuildIndependentTargetsInParallel = 1;
				LastSwiftUpdateCheck = 2660;
				LastUpgradeCheck = 2660;
				TargetAttributes = {
					A991493C3017C4D1001975C5 = {
						CreatedOnToolsVersion = 26.6;
						TestTargetID = A9A8566530149B3C000A3692;
					};
					A9A8566530149B3C000A3692 = {
						CreatedOnToolsVersion = 26.6;
					};
				};
			};
			buildConfigurationList = A9A8566130149B3C000A3692 /* Build configuration list for PBXProject "RigidBoxQuoter" */;
			developmentRegion = en;
			hasScannedForEncodings = 0;
			knownRegions = (
				en,
				Base,
			);
			mainGroup = A9A8565D30149B3C000A3692;
			minimizedProjectReferenceProxies = 1;
			preferredProjectObjectVersion = 77;
			productRefGroup = A9A8566730149B3C000A3692 /* Products */;
			projectDirPath = "";
			projectRoot = "";
			targets = (
				A9A8566530149B3C000A3692 /* RigidBoxQuoter */,
				A991493C3017C4D1001975C5 /* RigidBoxQuoterTests */,
			);
		};
/* End PBXProject section */

/* Begin PBXResourcesBuildPhase section */
		A991493B3017C4D1001975C5 /* Resources */ = {
			isa = PBXResourcesBuildPhase;
			buildActionMask = 2147483647;
			files = (
			);
			runOnlyForDeploymentPostprocessing = 0;
		};
		A9A8566430149B3C000A3692 /* Resources */ = {
			isa = PBXResourcesBuildPhase;
			buildActionMask = 2147483647;
			files = (
				A9A8567030149B3E000A3692 /* Assets.xcassets in Resources */,
			);
			runOnlyForDeploymentPostprocessing = 0;
		};
/* End PBXResourcesBuildPhase section */

/* Begin PBXSourcesBuildPhase section */
		A99149393017C4D1001975C5 /* Sources */ = {
			isa = PBXSourcesBuildPhase;
			buildActionMask = 2147483647;
			files = (
			);
			runOnlyForDeploymentPostprocessing = 0;
		};
		A9A8566230149B3C000A3692 /* Sources */ = {
			isa = PBXSourcesBuildPhase;
			buildActionMask = 2147483647;
			files = (
				A99149383017C335001975C5 /* PricingCalculator.swift in Sources */,
				A99148F73015EC0C001975C5 /* RawMaterialListView.swift in Sources */,
				A99A8405303EFEBE00148605 /* BoxTemplateListViewModel.swift in Sources */,
				A99A8407303F01AC00148605 /* BoxTemplateListView.swift in Sources */,
				A99148FC3015F616001975C5 /* AddMaterialView.swift in Sources */,
				A99149363017C325001975C5 /* PricingModels.swift in Sources */,
				A991494D301BAD4D001975C5 /* AppSettings.swift in Sources */,
				A9A8567F3014BD8A000A3692 /* RawMaterial.swift in Sources */,
				A9EEBDCA30404A75008BAB33 /* CreateOfferView.swift in Sources */,
				A99A8409303F3E3800148605 /* AddBoxTemplateView.swift in Sources */,
				A991494F301BAE72001975C5 /* BoxTemplate.swift in Sources */,
				A9A8567D3014BD01000A3692 /* MaterialUnit.swift in Sources */,
				A99148F83015EFD0001975C5 /* RawMaterialListViewModel.swift in Sources */,
				A9914951301DE167001975C5 /* SettingsView.swift in Sources */,
			);
			runOnlyForDeploymentPostprocessing = 0;
		};
/* End PBXSourcesBuildPhase section */

/* Begin PBXTargetDependency section */
		A99149423017C4D1001975C5 /* PBXTargetDependency */ = {
			isa = PBXTargetDependency;
			target = A9A8566530149B3C000A3692 /* RigidBoxQuoter */;
			targetProxy = A99149413017C4D1001975C5 /* PBXContainerItemProxy */;
		};
/* End PBXTargetDependency section */

/* Begin XCBuildConfiguration section */
		A99149443017C4D1001975C5 /* Debug */ = {
			isa = XCBuildConfiguration;
			buildSettings = {
				BUNDLE_LOADER = "$(TEST_HOST)";
				CODE_SIGN_STYLE = Automatic;
				CURRENT_PROJECT_VERSION = 1;
				DEVELOPMENT_TEAM = 95SV6383TM;
				GENERATE_INFOPLIST_FILE = YES;
				MARKETING_VERSION = 1.0;
				PRODUCT_BUNDLE_IDENTIFIER = me.Bill.Morfonidis.RigidBoxQuoterTests;
				PRODUCT_NAME = "$(TARGET_NAME)";
				STRING_CATALOG_GENERATE_SYMBOLS = NO;
				SWIFT_APPROACHABLE_CONCURRENCY = YES;
				SWIFT_EMIT_LOC_STRINGS = NO;
				SWIFT_UPCOMING_FEATURE_MEMBER_IMPORT_VISIBILITY = YES;
				SWIFT_VERSION = 5.0;
				TARGETED_DEVICE_FAMILY = "1,2";
				TEST_HOST = "$(BUILT_PRODUCTS_DIR)/RigidBoxQuoter.app/$(BUNDLE_EXECUTABLE_FOLDER_PATH)/RigidBoxQuoter";
			};
			name = Debug;
		};
		A99149453017C4D1001975C5 /* Release */ = {
			isa = XCBuildConfiguration;
			buildSettings = {
				BUNDLE_LOADER = "$(TEST_HOST)";
				CODE_SIGN_STYLE = Automatic;
				CURRENT_PROJECT_VERSION = 1;
				DEVELOPMENT_TEAM = 95SV6383TM;
				GENERATE_INFOPLIST_FILE = YES;
				MARKETING_VERSION = 1.0;
				PRODUCT_BUNDLE_IDENTIFIER = me.Bill.Morfonidis.RigidBoxQuoterTests;
				PRODUCT_NAME = "$(TARGET_NAME)";
				STRING_CATALOG_GENERATE_SYMBOLS = NO;
				SWIFT_APPROACHABLE_CONCURRENCY = YES;
				SWIFT_EMIT_LOC_STRINGS = NO;
				SWIFT_UPCOMING_FEATURE_MEMBER_IMPORT_VISIBILITY = YES;
				SWIFT_VERSION = 5.0;
				TARGETED_DEVICE_FAMILY = "1,2";
				TEST_HOST = "$(BUILT_PRODUCTS_DIR)/RigidBoxQuoter.app/$(BUNDLE_EXECUTABLE_FOLDER_PATH)/RigidBoxQuoter";
			};
			name = Release;
		};
		A9A8567130149B3E000A3692 /* Debug */ = {
			isa = XCBuildConfiguration;
			buildSettings = {
				ALWAYS_SEARCH_USER_PATHS = NO;
				ASSETCATALOG_COMPILER_GENERATE_SWIFT_ASSET_SYMBOL_EXTENSIONS = YES;
				CLANG_ANALYZER_NONNULL = YES;
				CLANG_ANALYZER_NUMBER_OBJECT_CONVERSION = YES_AGGRESSIVE;
				CLANG_CXX_LANGUAGE_STANDARD = "gnu++20";
				CLANG_ENABLE_MODULES = YES;
				CLANG_ENABLE_OBJC_ARC = YES;
				CLANG_ENABLE_OBJC_WEAK = YES;
				CLANG_WARN_BLOCK_CAPTURE_AUTORELEASING = YES;
				CLANG_WARN_BOOL_CONVERSION = YES;
				CLANG_WARN_COMMA = YES;
				CLANG_WARN_CONSTANT_CONVERSION = YES;
				CLANG_WARN_DEPRECATED_OBJC_IMPLEMENTATIONS = YES;
				CLANG_WARN_DIRECT_OBJC_ISA_USAGE = YES_ERROR;
				CLANG_WARN_DOCUMENTATION_COMMENTS = YES;
				CLANG_WARN_EMPTY_BODY = YES;
				CLANG_WARN_ENUM_CONVERSION = YES;
				CLANG_WARN_INFINITE_RECURSION = YES;
				CLANG_WARN_INT_CONVERSION = YES;
				CLANG_WARN_NON_LITERAL_NULL_CONVERSION = YES;
				CLANG_WARN_OBJC_IMPLICIT_RETAIN_SELF = YES;
				CLANG_WARN_OBJC_LITERAL_CONVERSION = YES;
				CLANG_WARN_OBJC_ROOT_CLASS = YES_ERROR;
				CLANG_WARN_QUOTED_INCLUDE_IN_FRAMEWORK_HEADER = YES;
				CLANG_WARN_RANGE_LOOP_ANALYSIS = YES;
				CLANG_WARN_STRICT_PROTOTYPES = YES;
				CLANG_WARN_SUSPICIOUS_MOVE = YES;
				CLANG_WARN_UNGUARDED_AVAILABILITY = YES_AGGRESSIVE;
				CLANG_WARN_UNREACHABLE_CODE = YES;
				CLANG_WARN__DUPLICATE_METHOD_MATCH = YES;
				COPY_PHASE_STRIP = NO;
				DEBUG_INFORMATION_FORMAT = dwarf;
				DEVELOPMENT_TEAM = 95SV6383TM;
				ENABLE_STRICT_OBJC_MSGSEND = YES;
				ENABLE_TESTABILITY = YES;
				ENABLE_USER_SCRIPT_SANDBOXING = YES;
				GCC_C_LANGUAGE_STANDARD = gnu17;
				GCC_DYNAMIC_NO_PIC = NO;
				GCC_NO_COMMON_BLOCKS = YES;
				GCC_OPTIMIZATION_LEVEL = 0;
				GCC_PREPROCESSOR_DEFINITIONS = (
					"DEBUG=1",
					"$(inherited)",
				);
				GCC_WARN_64_TO_32_BIT_CONVERSION = YES;
				GCC_WARN_ABOUT_RETURN_TYPE = YES_ERROR;
				GCC_WARN_UNDECLARED_SELECTOR = YES;
				GCC_WARN_UNINITIALIZED_AUTOS = YES_AGGRESSIVE;
				GCC_WARN_UNUSED_FUNCTION = YES;
				GCC_WARN_UNUSED_VARIABLE = YES;
				IPHONEOS_DEPLOYMENT_TARGET = 26.5;
				LOCALIZATION_PREFERS_STRING_CATALOGS = YES;
				MTL_ENABLE_DEBUG_INFO = INCLUDE_SOURCE;
				MTL_FAST_MATH = YES;
				ONLY_ACTIVE_ARCH = YES;
				SDKROOT = iphoneos;
				SWIFT_ACTIVE_COMPILATION_CONDITIONS = "DEBUG $(inherited)";
				SWIFT_OPTIMIZATION_LEVEL = "-Onone";
			};
			name = Debug;
		};
		A9A8567230149B3E000A3692 /* Release */ = {
			isa = XCBuildConfiguration;
			buildSettings = {
				ALWAYS_SEARCH_USER_PATHS = NO;
				ASSETCATALOG_COMPILER_GENERATE_SWIFT_ASSET_SYMBOL_EXTENSIONS = YES;
				CLANG_ANALYZER_NONNULL = YES;
				CLANG_ANALYZER_NUMBER_OBJECT_CONVERSION = YES_AGGRESSIVE;
				CLANG_CXX_LANGUAGE_STANDARD = "gnu++20";
				CLANG_ENABLE_MODULES = YES;
				CLANG_ENABLE_OBJC_ARC = YES;
				CLANG_ENABLE_OBJC_WEAK = YES;
				CLANG_WARN_BLOCK_CAPTURE_AUTORELEASING = YES;
				CLANG_WARN_BOOL_CONVERSION = YES;
				CLANG_WARN_COMMA = YES;
				CLANG_WARN_CONSTANT_CONVERSION = YES;
				CLANG_WARN_DEPRECATED_OBJC_IMPLEMENTATIONS = YES;
				CLANG_WARN_DIRECT_OBJC_ISA_USAGE = YES_ERROR;
				CLANG_WARN_DOCUMENTATION_COMMENTS = YES;
				CLANG_WARN_EMPTY_BODY = YES;
				CLANG_WARN_ENUM_CONVERSION = YES;
				CLANG_WARN_INFINITE_RECURSION = YES;
				CLANG_WARN_INT_CONVERSION = YES;
				CLANG_WARN_NON_LITERAL_NULL_CONVERSION = YES;
				CLANG_WARN_OBJC_IMPLICIT_RETAIN_SELF = YES;
				CLANG_WARN_OBJC_LITERAL_CONVERSION = YES;
				CLANG_WARN_OBJC_ROOT_CLASS = YES_ERROR;
				CLANG_WARN_QUOTED_INCLUDE_IN_FRAMEWORK_HEADER = YES;
				CLANG_WARN_RANGE_LOOP_ANALYSIS = YES;
				CLANG_WARN_STRICT_PROTOTYPES = YES;
				CLANG_WARN_SUSPICIOUS_MOVE = YES;
				CLANG_WARN_UNGUARDED_AVAILABILITY = YES_AGGRESSIVE;
				CLANG_WARN_UNREACHABLE_CODE = YES;
				CLANG_WARN__DUPLICATE_METHOD_MATCH = YES;
				COPY_PHASE_STRIP = NO;
				DEBUG_INFORMATION_FORMAT = "dwarf-with-dsym";
				DEVELOPMENT_TEAM = 95SV6383TM;
				ENABLE_NS_ASSERTIONS = NO;
				ENABLE_STRICT_OBJC_MSGSEND = YES;
				ENABLE_USER_SCRIPT_SANDBOXING = YES;
				GCC_C_LANGUAGE_STANDARD = gnu17;
				GCC_NO_COMMON_BLOCKS = YES;
				GCC_WARN_64_TO_32_BIT_CONVERSION = YES;
				GCC_WARN_ABOUT_RETURN_TYPE = YES_ERROR;
				GCC_WARN_UNDECLARED_SELECTOR = YES;
				GCC_WARN_UNINITIALIZED_AUTOS = YES_AGGRESSIVE;
				GCC_WARN_UNUSED_FUNCTION = YES;
				GCC_WARN_UNUSED_VARIABLE = YES;
				IPHONEOS_DEPLOYMENT_TARGET = 26.5;
				LOCALIZATION_PREFERS_STRING_CATALOGS = YES;
				MTL_ENABLE_DEBUG_INFO = NO;
				MTL_FAST_MATH = YES;
				SDKROOT = iphoneos;
				SWIFT_COMPILATION_MODE = wholemodule;
				VALIDATE_PRODUCT = YES;
			};
			name = Release;
		};
		A9A8567430149B3E000A3692 /* Debug */ = {
			isa = XCBuildConfiguration;
			buildSettings = {
				ASSETCATALOG_COMPILER_APPICON_NAME = AppIcon;
				ASSETCATALOG_COMPILER_GLOBAL_ACCENT_COLOR_NAME = AccentColor;
				CODE_SIGN_STYLE = Automatic;
				CURRENT_PROJECT_VERSION = 1;
				DEVELOPMENT_TEAM = 95SV6383TM;
				ENABLE_PREVIEWS = YES;
				GENERATE_INFOPLIST_FILE = YES;
				INFOPLIST_KEY_UIApplicationSceneManifest_Generation = YES;
				INFOPLIST_KEY_UIApplicationSupportsIndirectInputEvents = YES;
				INFOPLIST_KEY_UILaunchScreen_Generation = YES;
				INFOPLIST_KEY_UISupportedInterfaceOrientations_iPad = "UIInterfaceOrientationPortrait UIInterfaceOrientationPortraitUpsideDown UIInterfaceOrientationLandscapeLeft UIInterfaceOrientationLandscapeRight";
				INFOPLIST_KEY_UISupportedInterfaceOrientations_iPhone = "UIInterfaceOrientationPortrait UIInterfaceOrientationLandscapeLeft UIInterfaceOrientationLandscapeRight";
				LD_RUNPATH_SEARCH_PATHS = (
					"$(inherited)",
					"@executable_path/Frameworks",
				);
				MARKETING_VERSION = 1.0;
				PRODUCT_BUNDLE_IDENTIFIER = me.Bill.Morfonidis.RigidBoxQuoter;
				PRODUCT_NAME = "$(TARGET_NAME)";
				STRING_CATALOG_GENERATE_SYMBOLS = YES;
				SWIFT_APPROACHABLE_CONCURRENCY = YES;
				SWIFT_DEFAULT_ACTOR_ISOLATION = nonisolated;
				SWIFT_EMIT_LOC_STRINGS = YES;
				SWIFT_UPCOMING_FEATURE_MEMBER_IMPORT_VISIBILITY = YES;
				SWIFT_VERSION = 5.0;
				TARGETED_DEVICE_FAMILY = "1,2";
			};
			name = Debug;
		};
		A9A8567530149B3E000A3692 /* Release */ = {
			isa = XCBuildConfiguration;
			buildSettings = {
				ASSETCATALOG_COMPILER_APPICON_NAME = AppIcon;
				ASSETCATALOG_COMPILER_GLOBAL_ACCENT_COLOR_NAME = AccentColor;
				CODE_SIGN_STYLE = Automatic;
				CURRENT_PROJECT_VERSION = 1;
				DEVELOPMENT_TEAM = 95SV6383TM;
				ENABLE_PREVIEWS = YES;
				GENERATE_INFOPLIST_FILE = YES;
				INFOPLIST_KEY_UIApplicationSceneManifest_Generation = YES;
				INFOPLIST_KEY_UIApplicationSupportsIndirectInputEvents = YES;
				INFOPLIST_KEY_UILaunchScreen_Generation = YES;
				INFOPLIST_KEY_UISupportedInterfaceOrientations_iPad = "UIInterfaceOrientationPortrait UIInterfaceOrientationPortraitUpsideDown UIInterfaceOrientationLandscapeLeft UIInterfaceOrientationLandscapeRight";
				INFOPLIST_KEY_UISupportedInterfaceOrientations_iPhone = "UIInterfaceOrientationPortrait UIInterfaceOrientationLandscapeLeft UIInterfaceOrientationLandscapeRight";
				LD_RUNPATH_SEARCH_PATHS = (
					"$(inherited)",
					"@executable_path/Frameworks",
				);
				MARKETING_VERSION = 1.0;
				PRODUCT_BUNDLE_IDENTIFIER = me.Bill.Morfonidis.RigidBoxQuoter;
				PRODUCT_NAME = "$(TARGET_NAME)";
				STRING_CATALOG_GENERATE_SYMBOLS = YES;
				SWIFT_APPROACHABLE_CONCURRENCY = YES;
				SWIFT_DEFAULT_ACTOR_ISOLATION = nonisolated;
				SWIFT_EMIT_LOC_STRINGS = YES;
				SWIFT_UPCOMING_FEATURE_MEMBER_IMPORT_VISIBILITY = YES;
				SWIFT_VERSION = 5.0;
				TARGETED_DEVICE_FAMILY = "1,2";
			};
			name = Release;
		};
/* End XCBuildConfiguration section */

/* Begin XCConfigurationList section */
		A99149433017C4D1001975C5 /* Build configuration list for PBXNativeTarget "RigidBoxQuoterTests" */ = {
			isa = XCConfigurationList;
			buildConfigurations = (
				A99149443017C4D1001975C5 /* Debug */,
				A99149453017C4D1001975C5 /* Release */,
			);
			defaultConfigurationIsVisible = 0;
			defaultConfigurationName = Release;
		};
		A9A8566130149B3C000A3692 /* Build configuration list for PBXProject "RigidBoxQuoter" */ = {
			isa = XCConfigurationList;
			buildConfigurations = (
				A9A8567130149B3E000A3692 /* Debug */,
				A9A8567230149B3E000A3692 /* Release */,
			);
			defaultConfigurationIsVisible = 0;
			defaultConfigurationName = Release;
		};
		A9A8567330149B3E000A3692 /* Build configuration list for PBXNativeTarget "RigidBoxQuoter" */ = {
			isa = XCConfigurationList;
			buildConfigurations = (
				A9A8567430149B3E000A3692 /* Debug */,
				A9A8567530149B3E000A3692 /* Release */,
			);
			defaultConfigurationIsVisible = 0;
			defaultConfigurationName = Release;
		};
/* End XCConfigurationList section */
	};
	rootObject = A9A8565E30149B3C000A3692 /* Project object */;
}
